
Microsoft Visual Studio Solution File, Format Version 12.00
# Visual Studio Version 17
VisualStudioVersion = 17.6.33829.357
MinimumVisualStudioVersion = 10.0.40219.1
Project("{9A19103F-16F7-4668-BE54-9A1E7A4F7556}") = "FinnApi", "FinnApi\FinnApi.csproj", "{CF941201-7AA1-4C56-9788-7D3CCEAEDFEA}"
EndProject
Project("{FAE04EC0-301F-11D3-BF4B-00C04F79EFBC}") = "TestExamples", "TestExamples\TestExamples.csproj", "{47FBD72D-A838-4DBF-A249-AC747AF9AE98}"
EndProject
Global
	GlobalSection(SolutionConfigurationPlatforms) = preSolution
		Debug|Any CPU = Debug|Any CPU
		Release|Any CPU = Release|Any CPU
	EndGlobalSection
	GlobalSection(ProjectConfigurationPlatforms) = postSolution
		{CF941201-7AA1-4C56-9788-7D3CCEAEDFEA}.Debug|Any CPU.ActiveCfg = Debug|Any CPU
		{CF941201-7AA1-4C56-9788-7D3CCEAEDFEA}.Debug|Any CPU.Build.0 = Debug|Any CPU
		{CF941201-7AA1-4C56-9788-7D3CCEAEDFEA}.Release|Any CPU.ActiveCfg = Release|Any CPU
		{CF941201-7AA1-4C56-9788-7D3CCEAEDFEA}.Release|Any CPU.Build.0 = Release|Any CPU
		{47FBD72D-A838-4DBF-A249-AC747AF9AE98}.Debug|Any CPU.ActiveCfg = Debug|Any CPU
		{47FBD72D-A838-4DBF-A249-AC747AF9AE98}.Debug|Any CPU.Build.0 = Debug|Any CPU
		{47FBD72D-A838-4DBF-A249-AC747AF9AE98}.Release|Any CPU.ActiveCfg = Release|Any CPU
		{47FBD72D-A838-4DBF-A249-AC747AF9AE98}.Release|Any CPU.Build.0 = Release|Any CPU
	EndGlobalSection
	GlobalSection(SolutionProperties) = preSolution
		HideSolutionNode = FALSE
	EndGlobalSection
	GlobalSection(ExtensibilityGlobals) = postSolution
		SolutionGuid = {921A365E-D435-4C09-8618-BE78F0E81D83}
	EndGlobalSection
EndGlobal
